
Microsoft Visual Studio Solution File, Format Version 12.00
# Visual Studio Version 17
VisualStudioVersion = 17.4.33110.190
MinimumVisualStudioVersion = 10.0.40219.1
Project("{FAE04EC0-301F-11D3-BF4B-00C04F79EFBC}") = "Class3Assignment", "Class3Assignment.csproj", "{212786F6-3D44-4DF4-B650-425FA6DB2475}"
EndProject
Global
	GlobalSection(SolutionConfigurationPlatforms) = preSolution
		Debug|Any CPU = Debug|Any CPU
		Release|Any CPU = Release|Any CPU
	EndGlobalSection
	GlobalSection(ProjectConfigurationPlatforms) = postSolution
		{212786F6-3D44-4DF4-B650-425FA6DB2475}.Debug|Any CPU.ActiveCfg = Debug|Any CPU
		{212786F6-3D44-4DF4-B650-425FA6DB2475}.Debug|Any CPU.Build.0 = Debug|Any CPU
		{212786F6-3D44-4DF4-B650-425FA6DB2475}.Release|Any CPU.ActiveCfg = Release|Any CPU
		{212786F6-3D44-4DF4-B650-425FA6DB2475}.Release|Any CPU.Build.0 = Release|Any CPU
	EndGlobalSection
	GlobalSection(SolutionProperties) = preSolution
		HideSolutionNode = FALSE
	EndGlobalSection
	GlobalSection(ExtensibilityGlobals) = postSolution
		SolutionGuid = {48BDA75F-D384-4DA2-BE80-75082E43621B}
	EndGlobalSection
EndGlobal
